
Microsoft Visual Studio Solution File, Format Version 12.00
# Visual Studio Version 16
VisualStudioVersion = 16.0.31727.386
MinimumVisualStudioVersion = 10.0.40219.1
Project("{9A19103F-16F7-4668-BE54-9A1E7A4F7556}") = "RebootNotification", "RebootNotification.csproj", "{C5CC12D9-F316-4476-B03B-F14E6FDAAA46}"
EndProject
Project("{FAE04EC0-301F-11D3-BF4B-00C04F79EFBC}") = "RebootNotification4", "..\RebootNotification4\RebootNotification4.csproj", "{A6209B15-20F3-40EB-B948-08BFAF9D0173}"
EndProject
Global
	GlobalSection(SolutionConfigurationPlatforms) = preSolution
		Debug|Any CPU = Debug|Any CPU
		Release|Any CPU = Release|Any CPU
	EndGlobalSection
	GlobalSection(ProjectConfigurationPlatforms) = postSolution
		{C5CC12D9-F316-4476-B03B-F14E6FDAAA46}.Debug|Any CPU.ActiveCfg = Debug|Any CPU
		{C5CC12D9-F316-4476-B03B-F14E6FDAAA46}.Debug|Any CPU.Build.0 = Debug|Any CPU
		{C5CC12D9-F316-4476-B03B-F14E6FDAAA46}.Release|Any CPU.ActiveCfg = Release|Any CPU
		{C5CC12D9-F316-4476-B03B-F14E6FDAAA46}.Release|Any CPU.Build.0 = Release|Any CPU
		{A6209B15-20F3-40EB-B948-08BFAF9D0173}.Debug|Any CPU.ActiveCfg = Debug|Any CPU
		{A6209B15-20F3-40EB-B948-08BFAF9D0173}.Debug|Any CPU.Build.0 = Debug|Any CPU
		{A6209B15-20F3-40EB-B948-08BFAF9D0173}.Release|Any CPU.ActiveCfg = Release|Any CPU
		{A6209B15-20F3-40EB-B948-08BFAF9D0173}.Release|Any CPU.Build.0 = Release|Any CPU
	EndGlobalSection
	GlobalSection(SolutionProperties) = preSolution
		HideSolutionNode = FALSE
	EndGlobalSection
	GlobalSection(ExtensibilityGlobals) = postSolution
		SolutionGuid = {6BB71234-F241-4233-8CFA-11A6AB8C665F}
	EndGlobalSection
EndGlobal
